
Microsoft Visual Studio Solution File, Format Version 12.00
# Visual Studio 15
VisualStudioVersion = 15.0.26430.12
MinimumVisualStudioVersion = 10.0.40219.1
Project("{FAE04EC0-301F-11D3-BF4B-00C04F79EFBC}") = "Engine", "Engine\Engine.csproj", "{E2A1F2DA-E5B4-4666-A495-F1AB24C6E215}"
EndProject
Project("{FAE04EC0-301F-11D3-BF4B-00C04F79EFBC}") = "WebApi", "WebApi\WebApi.csproj", "{A45B1FCF-9569-4561-AFB0-E534F3FD7548}"
EndProject
Project("{FAE04EC0-301F-11D3-BF4B-00C04F79EFBC}") = "Launcher", "Launcher\Launcher.csproj", "{8C4A69DF-3AE6-4C71-9F69-FEA0D1216BB8}"
EndProject
Project("{FAE04EC0-301F-11D3-BF4B-00C04F79EFBC}") = "WindowsService", "WindowsService\WindowsService.csproj", "{7CC44132-6EE9-441C-973C-4471F5F0D404}"
EndProject
Project("{FAE04EC0-301F-11D3-BF4B-00C04F79EFBC}") = "WindowsServiceInstaller", "WindowsServiceInstaller\WindowsServiceInstaller.csproj", "{E00E6FEB-6937-46A0-A099-34311D5329CA}"
EndProject
Project("{2150E333-8FDC-42A3-9474-1A3956D46DE8}") = "Solution Items", "Solution Items", "{94F1915A-6FDC-4985-B3C5-E3DEB92A2D30}"
	ProjectSection(SolutionItems) = preProject
		Console_view.png = Console_view.png
		README.md = README.md
		Web_view.png = Web_view.png
	EndProjectSection
EndProject
Global
	GlobalSection(SolutionConfigurationPlatforms) = preSolution
		Debug|Any CPU = Debug|Any CPU
		Release|Any CPU = Release|Any CPU
	EndGlobalSection
	GlobalSection(ProjectConfigurationPlatforms) = postSolution
		{E2A1F2DA-E5B4-4666-A495-F1AB24C6E215}.Debug|Any CPU.ActiveCfg = Debug|Any CPU
		{E2A1F2DA-E5B4-4666-A495-F1AB24C6E215}.Debug|Any CPU.Build.0 = Debug|Any CPU
		{E2A1F2DA-E5B4-4666-A495-F1AB24C6E215}.Release|Any CPU.ActiveCfg = Release|Any CPU
		{E2A1F2DA-E5B4-4666-A495-F1AB24C6E215}.Release|Any CPU.Build.0 = Release|Any CPU
		{A45B1FCF-9569-4561-AFB0-E534F3FD7548}.Debug|Any CPU.ActiveCfg = Debug|Any CPU
		{A45B1FCF-9569-4561-AFB0-E534F3FD7548}.Debug|Any CPU.Build.0 = Debug|Any CPU
		{A45B1FCF-9569-4561-AFB0-E534F3FD7548}.Release|Any CPU.ActiveCfg = Release|Any CPU
		{A45B1FCF-9569-4561-AFB0-E534F3FD7548}.Release|Any CPU.Build.0 = Release|Any CPU
		{8C4A69DF-3AE6-4C71-9F69-FEA0D1216BB8}.Debug|Any CPU.ActiveCfg = Debug|Any CPU
		{8C4A69DF-3AE6-4C71-9F69-FEA0D1216BB8}.Debug|Any CPU.Build.0 = Debug|Any CPU
		{8C4A69DF-3AE6-4C71-9F69-FEA0D1216BB8}.Release|Any CPU.ActiveCfg = Release|Any CPU
		{8C4A69DF-3AE6-4C71-9F69-FEA0D1216BB8}.Release|Any CPU.Build.0 = Release|Any CPU
		{7CC44132-6EE9-441C-973C-4471F5F0D404}.Debug|Any CPU.ActiveCfg = Debug|Any CPU
		{7CC44132-6EE9-441C-973C-4471F5F0D404}.Debug|Any CPU.Build.0 = Debug|Any CPU
		{7CC44132-6EE9-441C-973C-4471F5F0D404}.Release|Any CPU.ActiveCfg = Release|Any CPU
		{7CC44132-6EE9-441C-973C-4471F5F0D404}.Release|Any CPU.Build.0 = Release|Any CPU
		{E00E6FEB-6937-46A0-A099-34311D5329CA}.Debug|Any CPU.ActiveCfg = Debug|Any CPU
		{E00E6FEB-6937-46A0-A099-34311D5329CA}.Debug|Any CPU.Build.0 = Debug|Any CPU
		{E00E6FEB-6937-46A0-A099-34311D5329CA}.Release|Any CPU.ActiveCfg = Release|Any CPU
		{E00E6FEB-6937-46A0-A099-34311D5329CA}.Release|Any CPU.Build.0 = Release|Any CPU
	EndGlobalSection
	GlobalSection(SolutionProperties) = preSolution
		HideSolutionNode = FALSE
	EndGlobalSection
EndGlobal
